// !$*UTF8*$!
{
	archiveVersion = 1;
	classes = {
	};
	objectVersion = 55;
	objects = {

/* Begin PBXBuildFile section */
		1192F43D29AF0620009FEE3A /* Tests_iOS.swift in Sources */ = {isa = PBXBuildFile; fileRef = 1192F43C29AF0620009FEE3A /* Tests_iOS.swift */; };
		1192F43F29AF0620009FEE3A /* Tests_iOSLaunchTests.swift in Sources */ = {isa = PBXBuildFile; fileRef = 1192F43E29AF0620009FEE3A /* Tests_iOSLaunchTests.swift */; };
		1192F44929AF0620009FEE3A /* Tests_macOS.swift in Sources */ = {isa = PBXBuildFile; fileRef = 1192F44829AF0620009FEE3A /* Tests_macOS.swift */; };
		1192F44B29AF0620009FEE3A /* Tests_macOSLaunchTests.swift in Sources */ = {isa = PBXBuildFile; fileRef = 1192F44A29AF0620009FEE3A /* Tests_macOSLaunchTests.swift */; };
		1192F44C29AF0620009FEE3A /* StateApp.swift in Sources */ = {isa = PBXBuildFile; fileRef = 1192F42429AF0612009FEE3A /* StateApp.swift */; };
		1192F44D29AF0620009FEE3A /* StateApp.swift in Sources */ = {isa = PBXBuildFile; fileRef = 1192F42429AF0612009FEE3A /* StateApp.swift */; };
		1192F44E29AF0620009FEE3A /* ContentView.swift in Sources */ = {isa = PBXBuildFile; fileRef = 1192F42529AF0612009FEE3A /* ContentView.swift */; };
		1192F44F29AF0620009FEE3A /* ContentView.swift in Sources */ = {isa = PBXBuildFile; fileRef = 1192F42529AF0612009FEE3A /* ContentView.swift */; };
		1192F45029AF0620009FEE3A /* Assets.xcassets in Resources */ = {isa = PBXBuildFile; fileRef = 1192F42629AF0620009FEE3A /* Assets.xcassets */; };
		1192F45129AF0620009FEE3A /* Assets.xcassets in Resources */ = {isa = PBXBuildFile; fileRef = 1192F42629AF0620009FEE3A /* Assets.xcassets */; };
/* End PBXBuildFile section */

/* Begin PBXContainerItemProxy section */
		1192F43929AF0620009FEE3A /* PBXContainerItemProxy */ = {
			isa = PBXContainerItemProxy;
			containerPortal = 1192F41F29AF0611009FEE3A /* Project object */;
			proxyType = 1;
			remoteGlobalIDString = 1192F42A29AF0620009FEE3A;
			remoteInfo = "State (iOS)";
		};
		1192F44529AF0620009FEE3A /* PBXContainerItemProxy */ = {
			isa = PBXContainerItemProxy;
			containerPortal = 1192F41F29AF0611009FEE3A /* Project object */;
			proxyType = 1;
			remoteGlobalIDString = 1192F43029AF0620009FEE3A;
			remoteInfo = "State (macOS)";
		};
/* End PBXContainerItemProxy section */

/* Begin PBXFileReference section */
		1192F42429AF0612009FEE3A /* StateApp.swift */ = {isa = PBXFileReference; lastKnownFileType = sourcecode.swift; path = StateApp.swift; sourceTree = "<group>"; };
		1192F42529AF0612009FEE3A /* ContentView.swift */ = {isa = PBXFileReference; lastKnownFileType = sourcecode.swift; path = ContentView.swift; sourceTree = "<group>"; };
		1192F42629AF0620009FEE3A /* Assets.xcassets */ = {isa = PBXFileReference; lastKnownFileType = folder.assetcatalog; path = Assets.xcassets; sourceTree = "<group>"; };
		1192F42B29AF0620009FEE3A /* State.app */ = {isa = PBXFileReference; explicitFileType = wrapper.application; includeInIndex = 0; path = State.app; sourceTree = BUILT_PRODUCTS_DIR; };
		1192F43129AF0620009FEE3A /* State.app */ = {isa = PBXFileReference; explicitFileType = wrapper.application; includeInIndex = 0; path = State.app; sourceTree = BUILT_PRODUCTS_DIR; };
		1192F43329AF0620009FEE3A /* macOS.entitlements */ = {isa = PBXFileReference; lastKnownFileType = text.plist.entitlements; path = macOS.entitlements; sourceTree = "<group>"; };
		1192F43829AF0620009FEE3A /* Tests iOS.xctest */ = {isa = PBXFileReference; explicitFileType = wrapper.cfbundle; includeInIndex = 0; path = "Tests iOS.xctest"; sourceTree = BUILT_PRODUCTS_DIR; };
		1192F43C29AF0620009FEE3A /* Tests_iOS.swift */ = {isa = PBXFileReference; lastKnownFileType = sourcecode.swift; path = Tests_iOS.swift; sourceTree = "<group>"; };
		1192F43E29AF0620009FEE3A /* Tests_iOSLaunchTests.swift */ = {isa = PBXFileReference; lastKnownFileType = sourcecode.swift; path = Tests_iOSLaunchTests.swift; sourceTree = "<group>"; };
		1192F44429AF0620009FEE3A /* Tests macOS.xctest */ = {isa = PBXFileReference; explicitFileType = wrapper.cfbundle; includeInIndex = 0; path = "Tests macOS.xctest"; sourceTree = BUILT_PRODUCTS_DIR; };
		1192F44829AF0620009FEE3A /* Tests_macOS.swift */ = {isa = PBXFileReference; lastKnownFileType = sourcecode.swift; path = Tests_macOS.swift; sourceTree = "<group>"; };
		1192F44A29AF0620009FEE3A /* Tests_macOSLaunchTests.swift */ = {isa = PBXFileReference; lastKnownFileType = sourcecode.swift; path = Tests_macOSLaunchTests.swift; sourceTree = "<group>"; };
/* End PBXFileReference section */

/* Begin PBXFrameworksBuildPhase section */
		1192F42829AF0620009FEE3A /* Frameworks */ = {
			isa = PBXFrameworksBuildPhase;
			buildActionMask = 2147483647;
			files = (
			);
			runOnlyForDeploymentPostprocessing = 0;
		};
		1192F42E29AF0620009FEE3A /* Frameworks */ = {
			isa = PBXFrameworksBuildPhase;
			buildActionMask = 2147483647;
			files = (
			);
			runOnlyForDeploymentPostprocessing = 0;
		};
		1192F43529AF0620009FEE3A /* Frameworks */ = {
			isa = PBXFrameworksBuildPhase;
			buildActionMask = 2147483647;
			files = (
			);
			runOnlyForDeploymentPostprocessing = 0;
		};
		1192F44129AF0620009FEE3A /* Frameworks */ = {
			isa = PBXFrameworksBuildPhase;
			buildActionMask = 2147483647;
			files = (
			);
			runOnlyForDeploymentPostprocessing = 0;
		};
/* End PBXFrameworksBuildPhase section */

/* Begin PBXGroup section */
		1192F41E29AF0611009FEE3A = {
			isa = PBXGroup;
			children = (
				1192F42329AF0612009FEE3A /* Shared */,
				1192F43229AF0620009FEE3A /* macOS */,
				1192F43B29AF0620009FEE3A /* Tests iOS */,
				1192F44729AF0620009FEE3A /* Tests macOS */,
				1192F42C29AF0620009FEE3A /* Products */,
			);
			sourceTree = "<group>";
		};
		1192F42329AF0612009FEE3A /* Shared */ = {
			isa = PBXGroup;
			children = (
				1192F42429AF0612009FEE3A /* StateApp.swift */,
				1192F42529AF0612009FEE3A /* ContentView.swift */,
				1192F42629AF0620009FEE3A /* Assets.xcassets */,
			);
			path = Shared;
			sourceTree = "<group>";
		};
		1192F42C29AF0620009FEE3A /* Products */ = {
			isa = PBXGroup;
			children = (
				1192F42B29AF0620009FEE3A /* State.app */,
				1192F43129AF0620009FEE3A /* State.app */,
				1192F43829AF0620009FEE3A /* Tests iOS.xctest */,
				1192F44429AF0620009FEE3A /* Tests macOS.xctest */,
			);
			name = Products;
			sourceTree = "<group>";
		};
		1192F43229AF0620009FEE3A /* macOS */ = {
			isa = PBXGroup;
			children = (
				1192F43329AF0620009FEE3A /* macOS.entitlements */,
			);
			path = macOS;
			sourceTree = "<group>";
		};
		1192F43B29AF0620009FEE3A /* Tests iOS */ = {
			isa = PBXGroup;
			children = (
				1192F43C29AF0620009FEE3A /* Tests_iOS.swift */,
				1192F43E29AF0620009FEE3A /* Tests_iOSLaunchTests.swift */,
			);
			path = "Tests iOS";
			sourceTree = "<group>";
		};
		1192F44729AF0620009FEE3A /* Tests macOS */ = {
			isa = PBXGroup;
			children = (
				1192F44829AF0620009FEE3A /* Tests_macOS.swift */,
				1192F44A29AF0620009FEE3A /* Tests_macOSLaunchTests.swift */,
			);
			path = "Tests macOS";
			sourceTree = "<group>";
		};
/* End PBXGroup section */

/* Begin PBXNativeTarget section */
		1192F42A29AF0620009FEE3A /* State (iOS) */ = {
			isa = PBXNativeTarget;
			buildConfigurationList = 1192F45429AF0620009FEE3A /* Build configuration list for PBXNativeTarget "State (iOS)" */;
			buildPhases = (
				1192F42729AF0620009FEE3A /* Sources */,
				1192F42829AF0620009FEE3A /* Frameworks */,
				1192F42929AF0620009FEE3A /* Resources */,
			);
			buildRules = (
			);
			dependencies = (
			);
			name = "State (iOS)";
			productName = "State (iOS)";
			productReference = 1192F42B29AF0620009FEE3A /* State.app */;
			productType = "com.apple.product-type.application";
		};
		1192F43029AF0620009FEE3A /* State (macOS) */ = {
			isa = PBXNativeTarget;
			buildConfigurationList = 1192F45729AF0620009FEE3A /* Build configuration list for PBXNativeTarget "State (macOS)" */;
			buildPhases = (
				1192F42D29AF0620009FEE3A /* Sources */,
				1192F42E29AF0620009FEE3A /* Frameworks */,
				1192F42F29AF0620009FEE3A /* Resources */,
			);
			buildRules = (
			);
			dependencies = (
			);
			name = "State (macOS)";
			productName = "State (macOS)";
			productReference = 1192F43129AF0620009FEE3A /* State.app */;
			productType = "com.apple.product-type.application";
		};
		1192F43729AF0620009FEE3A /* Tests iOS */ = {
			isa = PBXNativeTarget;
			buildConfigurationList = 1192F45A29AF0620009FEE3A /* Build configuration list for PBXNativeTarget "Tests iOS" */;
			buildPhases = (
				1192F43429AF0620009FEE3A /* Sources */,
				1192F43529AF0620009FEE3A /* Frameworks */,
				1192F43629AF0620009FEE3A /* Resources */,
			);
			buildRules = (
			);
			dependencies = (
				1192F43A29AF0620009FEE3A /* PBXTargetDependency */,
			);
			name = "Tests iOS";
			productName = "Tests iOS";
			productReference = 1192F43829AF0620009FEE3A /* Tests iOS.xctest */;
			productType = "com.apple.product-type.bundle.ui-testing";
		};
		1192F44329AF0620009FEE3A /* Tests macOS */ = {
			isa = PBXNativeTarget;
			buildConfigurationList = 1192F45D29AF0620009FEE3A /* Build configuration list for PBXNativeTarget "Tests macOS" */;
			buildPhases = (
				1192F44029AF0620009FEE3A /* Sources */,
				1192F44129AF0620009FEE3A /* Frameworks */,
				1192F44229AF0620009FEE3A /* Resources */,
			);
			buildRules = (
			);
			dependencies = (
				1192F44629AF0620009FEE3A /* PBXTargetDependency */,
			);
			name = "Tests macOS";
			productName = "Tests macOS";
			productReference = 1192F44429AF0620009FEE3A /* Tests macOS.xctest */;
			productType = "com.apple.product-type.bundle.ui-testing";
		};
/* End PBXNativeTarget section */

/* Begin PBXProject section */
		1192F41F29AF0611009FEE3A /* Project object */ = {
			isa = PBXProject;
			attributes = {
				BuildIndependentTargetsInParallel = 1;
				LastSwiftUpdateCheck = 1300;
				LastUpgradeCheck = 1300;
				TargetAttributes = {
					1192F42A29AF0620009FEE3A = {
						CreatedOnToolsVersion = 13.0;
					};
					1192F43029AF0620009FEE3A = {
						CreatedOnToolsVersion = 13.0;
					};
					1192F43729AF0620009FEE3A = {
						CreatedOnToolsVersion = 13.0;
						TestTargetID = 1192F42A29AF0620009FEE3A;
					};
					1192F44329AF0620009FEE3A = {
						CreatedOnToolsVersion = 13.0;
						TestTargetID = 1192F43029AF0620009FEE3A;
					};
				};
			};
			buildConfigurationList = 1192F42229AF0611009FEE3A /* Build configuration list for PBXProject "State" */;
			compatibilityVersion = "Xcode 13.0";
			developmentRegion = en;
			hasScannedForEncodings = 0;
			knownRegions = (
				en,
				Base,
			);
			mainGroup = 1192F41E29AF0611009FEE3A;
			productRefGroup = 1192F42C29AF0620009FEE3A /* Products */;
			projectDirPath = "";
			projectRoot = "";
			targets = (
				1192F42A29AF0620009FEE3A /* State (iOS) */,
				1192F43029AF0620009FEE3A /* State (macOS) */,
				1192F43729AF0620009FEE3A /* Tests iOS */,
				1192F44329AF0620009FEE3A /* Tests macOS */,
			);
		};
/* End PBXProject section */

/* Begin PBXResourcesBuildPhase section */
		1192F42929AF0620009FEE3A /* Resources */ = {
			isa = PBXResourcesBuildPhase;
			buildActionMask = 2147483647;
			files = (
				1192F45029AF0620009FEE3A /* Assets.xcassets in Resources */,
			);
			runOnlyForDeploymentPostprocessing = 0;
		};
		1192F42F29AF0620009FEE3A /* Resources */ = {
			isa = PBXResourcesBuildPhase;
			buildActionMask = 2147483647;
			files = (
				1192F45129AF0620009FEE3A /* Assets.xcassets in Resources */,
			);
			runOnlyForDeploymentPostprocessing = 0;
		};
		1192F43629AF0620009FEE3A /* Resources */ = {
			isa = PBXResourcesBuildPhase;
			buildActionMask = 2147483647;
			files = (
			);
			runOnlyForDeploymentPostprocessing = 0;
		};
		1192F44229AF0620009FEE3A /* Resources */ = {
			isa = PBXResourcesBuildPhase;
			buildActionMask = 2147483647;
			files = (
			);
			runOnlyForDeploymentPostprocessing = 0;
		};
/* End PBXResourcesBuildPhase section */

/* Begin PBXSourcesBuildPhase section */
		1192F42729AF0620009FEE3A /* Sources */ = {
			isa = PBXSourcesBuildPhase;
			buildActionMask = 2147483647;
			files = (
				1192F44E29AF0620009FEE3A /* ContentView.swift in Sources */,
				1192F44C29AF0620009FEE3A /* StateApp.swift in Sources */,
			);
			runOnlyForDeploymentPostprocessing = 0;
		};
		1192F42D29AF0620009FEE3A /* Sources */ = {
			isa = PBXSourcesBuildPhase;
			buildActionMask = 2147483647;
			files = (
				1192F44F29AF0620009FEE3A /* ContentView.swift in Sources */,
				1192F44D29AF0620009FEE3A /* StateApp.swift in Sources */,
			);
			runOnlyForDeploymentPostprocessing = 0;
		};
		1192F43429AF0620009FEE3A /* Sources */ = {
			isa = PBXSourcesBuildPhase;
			buildActionMask = 2147483647;
			files = (
				1192F43F29AF0620009FEE3A /* Tests_iOSLaunchTests.swift in Sources */,
				1192F43D29AF0620009FEE3A /* Tests_iOS.swift in Sources */,
			);
			runOnlyForDeploymentPostprocessing = 0;
		};
		1192F44029AF0620009FEE3A /* Sources */ = {
			isa = PBXSourcesBuildPhase;
			buildActionMask = 2147483647;
			files = (
				1192F44B29AF0620009FEE3A /* Tests_macOSLaunchTests.swift in Sources */,
				1192F44929AF0620009FEE3A /* Tests_macOS.swift in Sources */,
			);
			runOnlyForDeploymentPostprocessing = 0;
		};
/* End PBXSourcesBuildPhase section */

/* Begin PBXTargetDependency section */
		1192F43A29AF0620009FEE3A /* PBXTargetDependency */ = {
			isa = PBXTargetDependency;
			target = 1192F42A29AF0620009FEE3A /* State (iOS) */;
			targetProxy = 1192F43929AF0620009FEE3A /* PBXContainerItemProxy */;
		};
		1192F44629AF0620009FEE3A /* PBXTargetDependency */ = {
			isa = PBXTargetDependency;
			target = 1192F43029AF0620009FEE3A /* State (macOS) */;
			targetProxy = 1192F44529AF0620009FEE3A /* PBXContainerItemProxy */;
		};
/* End PBXTargetDependency section */

/* Begin XCBuildConfiguration section */
		1192F45229AF0620009FEE3A /* Debug */ = {
			isa = XCBuildConfiguration;
			buildSettings = {
				ALWAYS_SEARCH_USER_PATHS = NO;
				CLANG_ANALYZER_NONNULL = YES;
				CLANG_ANALYZER_NUMBER_OBJECT_CONVERSION = YES_AGGRESSIVE;
				CLANG_CXX_LANGUAGE_STANDARD = "gnu++17";
				CLANG_CXX_LIBRARY = "libc++";
				CLANG_ENABLE_MODULES = YES;
				CLANG_ENABLE_OBJC_ARC = YES;
				CLANG_ENABLE_OBJC_WEAK = YES;
				CLANG_WARN_BLOCK_CAPTURE_AUTORELEASING = YES;
				CLANG_WARN_BOOL_CONVERSION = YES;
				CLANG_WARN_COMMA = YES;
				CLANG_WARN_CONSTANT_CONVERSION = YES;
				CLANG_WARN_DEPRECATED_OBJC_IMPLEMENTATIONS = YES;
				CLANG_WARN_DIRECT_OBJC_ISA_USAGE = YES_ERROR;
				CLANG_WARN_DOCUMENTATION_COMMENTS = YES;
				CLANG_WARN_EMPTY_BODY = YES;
				CLANG_WARN_ENUM_CONVERSION = YES;
				CLANG_WARN_INFINITE_RECURSION = YES;
				CLANG_WARN_INT_CONVERSION = YES;
				CLANG_WARN_NON_LITERAL_NULL_CONVERSION = YES;
				CLANG_WARN_OBJC_IMPLICIT_RETAIN_SELF = YES;
				CLANG_WARN_OBJC_LITERAL_CONVERSION = YES;
				CLANG_WARN_OBJC_ROOT_CLASS = YES_ERROR;
				CLANG_WARN_QUOTED_INCLUDE_IN_FRAMEWORK_HEADER = YES;
				CLANG_WARN_RANGE_LOOP_ANALYSIS = YES;
				CLANG_WARN_STRICT_PROTOTYPES = YES;
				CLANG_WARN_SUSPICIOUS_MOVE = YES;
				CLANG_WARN_UNGUARDED_AVAILABILITY = YES_AGGRESSIVE;
				CLANG_WARN_UNREACHABLE_CODE = YES;
				CLANG_WARN__DUPLICATE_METHOD_MATCH = YES;
				COPY_PHASE_STRIP = NO;
				DEBUG_INFORMATION_FORMAT = dwarf;
				ENABLE_STRICT_OBJC_MSGSEND = YES;
				ENABLE_TESTABILITY = YES;
				GCC_C_LANGUAGE_STANDARD = gnu11;
				GCC_DYNAMIC_NO_PIC = NO;
				GCC_NO_COMMON_BLOCKS = YES;
				GCC_OPTIMIZATION_LEVEL = 0;
				GCC_PREPROCESSOR_DEFINITIONS = (
					"DEBUG=1",
					"$(inherited)",
				);
				GCC_WARN_64_TO_32_BIT_CONVERSION = YES;
				GCC_WARN_ABOUT_RETURN_TYPE = YES_ERROR;
				GCC_WARN_UNDECLARED_SELECTOR = YES;
				GCC_WARN_UNINITIALIZED_AUTOS = YES_AGGRESSIVE;
				GCC_WARN_UNUSED_FUNCTION = YES;
				GCC_WARN_UNUSED_VARIABLE = YES;
				MTL_ENABLE_DEBUG_INFO = INCLUDE_SOURCE;
				MTL_FAST_MATH = YES;
				ONLY_ACTIVE_ARCH = YES;
				SWIFT_ACTIVE_COMPILATION_CONDITIONS = DEBUG;
				SWIFT_OPTIMIZATION_LEVEL = "-Onone";
			};
			name = Debug;
		};
		1192F45329AF0620009FEE3A /* Release */ = {
			isa = XCBuildConfiguration;
			buildSettings = {
				ALWAYS_SEARCH_USER_PATHS = NO;
				CLANG_ANALYZER_NONNULL = YES;
				CLANG_ANALYZER_NUMBER_OBJECT_CONVERSION = YES_AGGRESSIVE;
				CLANG_CXX_LANGUAGE_STANDARD = "gnu++17";
				CLANG_CXX_LIBRARY = "libc++";
				CLANG_ENABLE_MODULES = YES;
				CLANG_ENABLE_OBJC_ARC = YES;
				CLANG_ENABLE_OBJC_WEAK = YES;
				CLANG_WARN_BLOCK_CAPTURE_AUTORELEASING = YES;
				CLANG_WARN_BOOL_CONVERSION = YES;
				CLANG_WARN_COMMA = YES;
				CLANG_WARN_CONSTANT_CONVERSION = YES;
				CLANG_WARN_DEPRECATED_OBJC_IMPLEMENTATIONS = YES;
				CLANG_WARN_DIRECT_OBJC_ISA_USAGE = YES_ERROR;
				CLANG_WARN_DOCUMENTATION_COMMENTS = YES;
				CLANG_WARN_EMPTY_BODY = YES;
				CLANG_WARN_ENUM_CONVERSION = YES;
				CLANG_WARN_INFINITE_RECURSION = YES;
				CLANG_WARN_INT_CONVERSION = YES;
				CLANG_WARN_NON_LITERAL_NULL_CONVERSION = YES;
				CLANG_WARN_OBJC_IMPLICIT_RETAIN_SELF = YES;
				CLANG_WARN_OBJC_LITERAL_CONVERSION = YES;
				CLANG_WARN_OBJC_ROOT_CLASS = YES_ERROR;
				CLANG_WARN_QUOTED_INCLUDE_IN_FRAMEWORK_HEADER = YES;
				CLANG_WARN_RANGE_LOOP_ANALYSIS = YES;
				CLANG_WARN_STRICT_PROTOTYPES = YES;
				CLANG_WARN_SUSPICIOUS_MOVE = YES;
				CLANG_WARN_UNGUARDED_AVAILABILITY = YES_AGGRESSIVE;
				CLANG_WARN_UNREACHABLE_CODE = YES;
				CLANG_WARN__DUPLICATE_METHOD_MATCH = YES;
				COPY_PHASE_STRIP = NO;
				DEBUG_INFORMATION_FORMAT = "dwarf-with-dsym";
				ENABLE_NS_ASSERTIONS = NO;
				ENABLE_STRICT_OBJC_MSGSEND = YES;
				GCC_C_LANGUAGE_STANDARD = gnu11;
				GCC_NO_COMMON_BLOCKS = YES;
				GCC_WARN_64_TO_32_BIT_CONVERSION = YES;
				GCC_WARN_ABOUT_RETURN_TYPE = YES_ERROR;
				GCC_WARN_UNDECLARED_SELECTOR = YES;
				GCC_WARN_UNINITIALIZED_AUTOS = YES_AGGRESSIVE;
				GCC_WARN_UNUSED_FUNCTION = YES;
				GCC_WARN_UNUSED_VARIABLE = YES;
				MTL_ENABLE_DEBUG_INFO = NO;
				MTL_FAST_MATH = YES;
				SWIFT_COMPILATION_MODE = wholemodule;
				SWIFT_OPTIMIZATION_LEVEL = "-O";
			};
			name = Release;
		};
		1192F45529AF0620009FEE3A /* Debug */ = {
			isa = XCBuildConfiguration;
			buildSettings = {
				ASSETCATALOG_COMPILER_APPICON_NAME = AppIcon;
				ASSETCATALOG_COMPILER_GLOBAL_ACCENT_COLOR_NAME = AccentColor;
				CODE_SIGN_STYLE = Automatic;
				CURRENT_PROJECT_VERSION = 1;
				ENABLE_PREVIEWS = YES;
				GENERATE_INFOPLIST_FILE = YES;
				INFOPLIST_KEY_UIApplicationSceneManifest_Generation = YES;
				INFOPLIST_KEY_UIApplicationSupportsIndirectInputEvents = YES;
				INFOPLIST_KEY_UILaunchScreen_Generation = YES;
				INFOPLIST_KEY_UISupportedInterfaceOrientations_iPad = "UIInterfaceOrientationPortrait UIInterfaceOrientationPortraitUpsideDown UIInterfaceOrientationLandscapeLeft UIInterfaceOrientationLandscapeRight";
				INFOPLIST_KEY_UISupportedInterfaceOrientations_iPhone = "UIInterfaceOrientationPortrait UIInterfaceOrientationLandscapeLeft UIInterfaceOrientationLandscapeRight";
				IPHONEOS_DEPLOYMENT_TARGET = 14.0;
				LD_RUNPATH_SEARCH_PATHS = (
					"$(inherited)",
					"@executable_path/Frameworks",
				);
				MARKETING_VERSION = 1.0;
				PRODUCT_BUNDLE_IDENTIFIER = com.demo.state.State;
				PRODUCT_NAME = State;
				SDKROOT = iphoneos;
				SWIFT_EMIT_LOC_STRINGS = YES;
				SWIFT_VERSION = 5.0;
				TARGETED_DEVICE_FAMILY = "1,2";
			};
			name = Debug;
		};
		1192F45629AF0620009FEE3A /* Release */ = {
			isa = XCBuildConfiguration;
			buildSettings = {
				ASSETCATALOG_COMPILER_APPICON_NAME = AppIcon;
				ASSETCATALOG_COMPILER_GLOBAL_ACCENT_COLOR_NAME = AccentColor;
				CODE_SIGN_STYLE = Automatic;
				CURRENT_PROJECT_VERSION = 1;
				ENABLE_PREVIEWS = YES;
				GENERATE_INFOPLIST_FILE = YES;
				INFOPLIST_KEY_UIApplicationSceneManifest_Generation = YES;
				INFOPLIST_KEY_UIApplicationSupportsIndirectInputEvents = YES;
				INFOPLIST_KEY_UILaunchScreen_Generation = YES;
				INFOPLIST_KEY_UISupportedInterfaceOrientations_iPad = "UIInterfaceOrientationPortrait UIInterfaceOrientationPortraitUpsideDown UIInterfaceOrientationLandscapeLeft UIInterfaceOrientationLandscapeRight";
				INFOPLIST_KEY_UISupportedInterfaceOrientations_iPhone = "UIInterfaceOrientationPortrait UIInterfaceOrientationLandscapeLeft UIInterfaceOrientationLandscapeRight";
				IPHONEOS_DEPLOYMENT_TARGET = 14.0;
				LD_RUNPATH_SEARCH_PATHS = (
					"$(inherited)",
					"@executable_path/Frameworks",
				);
				MARKETING_VERSION = 1.0;
				PRODUCT_BUNDLE_IDENTIFIER = com.demo.state.State;
				PRODUCT_NAME = State;
				SDKROOT = iphoneos;
				SWIFT_EMIT_LOC_STRINGS = YES;
				SWIFT_VERSION = 5.0;
				TARGETED_DEVICE_FAMILY = "1,2";
				VALIDATE_PRODUCT = YES;
			};
			name = Release;
		};
		1192F45829AF0620009FEE3A /* Debug */ = {
			isa = XCBuildConfiguration;
			buildSettings = {
				ASSETCATALOG_COMPILER_APPICON_NAME = AppIcon;
				ASSETCATALOG_COMPILER_GLOBAL_ACCENT_COLOR_NAME = AccentColor;
				CODE_SIGN_ENTITLEMENTS = macOS/macOS.entitlements;
				CODE_SIGN_STYLE = Automatic;
				COMBINE_HIDPI_IMAGES = YES;
				CURRENT_PROJECT_VERSION = 1;
				ENABLE_PREVIEWS = YES;
				GENERATE_INFOPLIST_FILE = YES;
				INFOPLIST_KEY_NSHumanReadableCopyright = "";
				LD_RUNPATH_SEARCH_PATHS = (
					"$(inherited)",
					"@executable_path/../Frameworks",
				);
				MACOSX_DEPLOYMENT_TARGET = 11.0;
				MARKETING_VERSION = 1.0;
				PRODUCT_BUNDLE_IDENTIFIER = com.demo.state.State;
				PRODUCT_NAME = State;
				SDKROOT = macosx;
				SWIFT_EMIT_LOC_STRINGS = YES;
				SWIFT_VERSION = 5.0;
			};
			name = Debug;
		};
		1192F45929AF0620009FEE3A /* Release */ = {
			isa = XCBuildConfiguration;
			buildSettings = {
				ASSETCATALOG_COMPILER_APPICON_NAME = AppIcon;
				ASSETCATALOG_COMPILER_GLOBAL_ACCENT_COLOR_NAME = AccentColor;
				CODE_SIGN_ENTITLEMENTS = macOS/macOS.entitlements;
				CODE_SIGN_STYLE = Automatic;
				COMBINE_HIDPI_IMAGES = YES;
				CURRENT_PROJECT_VERSION = 1;
				ENABLE_PREVIEWS = YES;
				GENERATE_INFOPLIST_FILE = YES;
				INFOPLIST_KEY_NSHumanReadableCopyright = "";
				LD_RUNPATH_SEARCH_PATHS = (
					"$(inherited)",
					"@executable_path/../Frameworks",
				);
				MACOSX_DEPLOYMENT_TARGET = 11.0;
				MARKETING_VERSION = 1.0;
				PRODUCT_BUNDLE_IDENTIFIER = com.demo.state.State;
				PRODUCT_NAME = State;
				SDKROOT = macosx;
				SWIFT_EMIT_LOC_STRINGS = YES;
				SWIFT_VERSION = 5.0;
			};
			name = Release;
		};
		1192F45B29AF0620009FEE3A /* Debug */ = {
			isa = XCBuildConfiguration;
			buildSettings = {
				ALWAYS_EMBED_SWIFT_STANDARD_LIBRARIES = YES;
				CODE_SIGN_STYLE = Automatic;
				CURRENT_PROJECT_VERSION = 1;
				GENERATE_INFOPLIST_FILE = YES;
				IPHONEOS_DEPLOYMENT_TARGET = 15.0;
				LD_RUNPATH_SEARCH_PATHS = (
					"$(inherited)",
					"@executable_path/Frameworks",
					"@loader_path/Frameworks",
				);
				MARKETING_VERSION = 1.0;
				PRODUCT_BUNDLE_IDENTIFIER = "com.demo.state.Tests-iOS";
				PRODUCT_NAME = "$(TARGET_NAME)";
				SDKROOT = iphoneos;
				SWIFT_EMIT_LOC_STRINGS = NO;
				SWIFT_VERSION = 5.0;
				TARGETED_DEVICE_FAMILY = "1,2";
				TEST_TARGET_NAME = "State (iOS)";
			};
			name = Debug;
		};
		1192F45C29AF0620009FEE3A /* Release */ = {
			isa = XCBuildConfiguration;
			buildSettings = {
				ALWAYS_EMBED_SWIFT_STANDARD_LIBRARIES = YES;
				CODE_SIGN_STYLE = Automatic;
				CURRENT_PROJECT_VERSION = 1;
				GENERATE_INFOPLIST_FILE = YES;
				IPHONEOS_DEPLOYMENT_TARGET = 15.0;
				LD_RUNPATH_SEARCH_PATHS = (
					"$(inherited)",
					"@executable_path/Frameworks",
					"@loader_path/Frameworks",
				);
				MARKETING_VERSION = 1.0;
				PRODUCT_BUNDLE_IDENTIFIER = "com.demo.state.Tests-iOS";
				PRODUCT_NAME = "$(TARGET_NAME)";
				SDKROOT = iphoneos;
				SWIFT_EMIT_LOC_STRINGS = NO;
				SWIFT_VERSION = 5.0;
				TARGETED_DEVICE_FAMILY = "1,2";
				TEST_TARGET_NAME = "State (iOS)";
				VALIDATE_PRODUCT = YES;
			};
			name = Release;
		};
		1192F45E29AF0620009FEE3A /* Debug */ = {
			isa = XCBuildConfiguration;
			buildSettings = {
				ALWAYS_EMBED_SWIFT_STANDARD_LIBRARIES = YES;
				CODE_SIGN_STYLE = Automatic;
				COMBINE_HIDPI_IMAGES = YES;
				CURRENT_PROJECT_VERSION = 1;
				GENERATE_INFOPLIST_FILE = YES;
				LD_RUNPATH_SEARCH_PATHS = (
					"$(inherited)",
					"@executable_path/../Frameworks",
					"@loader_path/../Frameworks",
				);
				MACOSX_DEPLOYMENT_TARGET = 11.3;
				MARKETING_VERSION = 1.0;
				PRODUCT_BUNDLE_IDENTIFIER = "com.demo.state.Tests-macOS";
				PRODUCT_NAME = "$(TARGET_NAME)";
				SDKROOT = macosx;
				SWIFT_EMIT_LOC_STRINGS = NO;
				SWIFT_VERSION = 5.0;
				TEST_TARGET_NAME = "State (macOS)";
			};
			name = Debug;
		};
		1192F45F29AF0620009FEE3A /* Release */ = {
			isa = XCBuildConfiguration;
			buildSettings = {
				ALWAYS_EMBED_SWIFT_STANDARD_LIBRARIES = YES;
				CODE_SIGN_STYLE = Automatic;
				COMBINE_HIDPI_IMAGES = YES;
				CURRENT_PROJECT_VERSION = 1;
				GENERATE_INFOPLIST_FILE = YES;
				LD_RUNPATH_SEARCH_PATHS = (
					"$(inherited)",
					"@executable_path/../Frameworks",
					"@loader_path/../Frameworks",
				);
				MACOSX_DEPLOYMENT_TARGET = 11.3;
				MARKETING_VERSION = 1.0;
				PRODUCT_BUNDLE_IDENTIFIER = "com.demo.state.Tests-macOS";
				PRODUCT_NAME = "$(TARGET_NAME)";
				SDKROOT = macosx;
				SWIFT_EMIT_LOC_STRINGS = NO;
				SWIFT_VERSION = 5.0;
				TEST_TARGET_NAME = "State (macOS)";
			};
			name = Release;
		};
/* End XCBuildConfiguration section */

/* Begin XCConfigurationList section */
		1192F42229AF0611009FEE3A /* Build configuration list for PBXProject "State" */ = {
			isa = XCConfigurationList;
			buildConfigurations = (
				1192F45229AF0620009FEE3A /* Debug */,
				1192F45329AF0620009FEE3A /* Release */,
			);
			defaultConfigurationIsVisible = 0;
			defaultConfigurationName = Release;
		};
		1192F45429AF0620009FEE3A /* Build configuration list for PBXNativeTarget "State (iOS)" */ = {
			isa = XCConfigurationList;
			buildConfigurations = (
				1192F45529AF0620009FEE3A /* Debug */,
				1192F45629AF0620009FEE3A /* Release */,
			);
			defaultConfigurationIsVisible = 0;
			defaultConfigurationName = Release;
		};
		1192F45729AF0620009FEE3A /* Build configuration list for PBXNativeTarget "State (macOS)" */ = {
			isa = XCConfigurationList;
			buildConfigurations = (
				1192F45829AF0620009FEE3A /* Debug */,
				1192F45929AF0620009FEE3A /* Release */,
			);
			defaultConfigurationIsVisible = 0;
			defaultConfigurationName = Release;
		};
		1192F45A29AF0620009FEE3A /* Build configuration list for PBXNativeTarget "Tests iOS" */ = {
			isa = XCConfigurationList;
			buildConfigurations = (
				1192F45B29AF0620009FEE3A /* Debug */,
				1192F45C29AF0620009FEE3A /* Release */,
			);
			defaultConfigurationIsVisible = 0;
			defaultConfigurationName = Release;
		};
		1192F45D29AF0620009FEE3A /* Build configuration list for PBXNativeTarget "Tests macOS" */ = {
			isa = XCConfigurationList;
			buildConfigurations = (
				1192F45E29AF0620009FEE3A /* Debug */,
				1192F45F29AF0620009FEE3A /* Release */,
			);
			defaultConfigurationIsVisible = 0;
			defaultConfigurationName = Release;
		};
/* End XCConfigurationList section */
	};
	rootObject = 1192F41F29AF0611009FEE3A /* Project object */;
}
